github.com/awalterschulze/gographviz v2.0.3+incompatible h1:9sVEXJBJLwGX7EQVhLm2elIKCm7P2YHFC8v6096G09E=
github.com/awalterschulze/gographviz v2.0.3+incompatible/go.mod h1:GEV5wmg4YquNw7v1kkyoX9etIk8yVmXj+AkDHuuETHs=
github.com/davecgh/go-spew v1.1.1 h1:vj9j/u1bqnvCEfJOwUhtlOARqs3+rkHYY13jYWTU97c=
github.com/davecgh/go-spew v1.1.1/go.mod h1:J7Y8YcW2NihsgmVo/mv3lAwl/skON4iLHjSsI+c5H38=
github.com/twmb/algoimpl v0.0.0-20170717182524-076353e90b94 h1:RVeQNVS7eoXqFemL1LnyzV7yuijHlBtiq6lH5T/mljw=
github.com/twmb/algoimpl v0.0.0-20170717182524-076353e90b94/go.mod h1:+E0GZE9c8UBk2GYXo9mPIHAtmmBkJlSWCdzLMcsCWV0=
